
Microsoft Visual Studio Solution File, Format Version 12.00
# Visual Studio 15
VisualStudioVersion = 15.0.27130.2026
MinimumVisualStudioVersion = 10.0.40219.1
Project("{00D1A9C2-B5F0-4AF3-8072-F6C62B433612}") = "ContentGenerator.Database", "Data\ContentGenerator.Database.sqlproj", "{7C31B02B-730D-42CD-891F-4EA4A1A40B5D}"
EndProject
Global
	GlobalSection(SolutionConfigurationPlatforms) = preSolution
		Debug|Any CPU = Debug|Any CPU
		Release|Any CPU = Release|Any CPU
	EndGlobalSection
	GlobalSection(ProjectConfigurationPlatforms) = postSolution
		{7C31B02B-730D-42CD-891F-4EA4A1A40B5D}.Debug|Any CPU.ActiveCfg = Debug|Any CPU
		{7C31B02B-730D-42CD-891F-4EA4A1A40B5D}.Debug|Any CPU.Build.0 = Debug|Any CPU
		{7C31B02B-730D-42CD-891F-4EA4A1A40B5D}.Debug|Any CPU.Deploy.0 = Debug|Any CPU
		{7C31B02B-730D-42CD-891F-4EA4A1A40B5D}.Release|Any CPU.ActiveCfg = Release|Any CPU
		{7C31B02B-730D-42CD-891F-4EA4A1A40B5D}.Release|Any CPU.Build.0 = Release|Any CPU
		{7C31B02B-730D-42CD-891F-4EA4A1A40B5D}.Release|Any CPU.Deploy.0 = Release|Any CPU
	EndGlobalSection
	GlobalSection(SolutionProperties) = preSolution
		HideSolutionNode = FALSE
	EndGlobalSection
	GlobalSection(ExtensibilityGlobals) = postSolution
		SolutionGuid = {2C28E102-B825-4E8D-BDCE-8B5546732039}
	EndGlobalSection
EndGlobal
